
Microsoft Visual Studio Solution File, Format Version 12.00
# Visual Studio 15
VisualStudioVersion = 15.0.28010.2048
MinimumVisualStudioVersion = 10.0.40219.1
Project("{FAE04EC0-301F-11D3-BF4B-00C04F79EFBC}") = "ControleFeira.Android", "ControleFeira\ControleFeira.Android\ControleFeira.Android.csproj", "{94728C78-F4EB-46BF-8FC4-84C089227D41}"
EndProject
Project("{FAE04EC0-301F-11D3-BF4B-00C04F79EFBC}") = "ControleFeira.iOS", "ControleFeira\ControleFeira.iOS\ControleFeira.iOS.csproj", "{F54C9A4F-21AB-4496-9210-A0E56440FBEE}"
EndProject
Project("{FAE04EC0-301F-11D3-BF4B-00C04F79EFBC}") = "ControleFeira.UWP", "ControleFeira\ControleFeira.UWP\ControleFeira.UWP.csproj", "{C8AA2F77-FBF3-4746-9202-4931C8B616F1}"
EndProject
Project("{FAE04EC0-301F-11D3-BF4B-00C04F79EFBC}") = "ControleFeira", "ControleFeira\ControleFeira\ControleFeira.csproj", "{5974AC1F-40B0-4D03-BC5D-EEFB680BCB62}"
EndProject
Global
	GlobalSection(SolutionConfigurationPlatforms) = preSolution
		Ad-Hoc|Any CPU = Ad-Hoc|Any CPU
		Ad-Hoc|ARM = Ad-Hoc|ARM
		Ad-Hoc|iPhone = Ad-Hoc|iPhone
		Ad-Hoc|iPhoneSimulator = Ad-Hoc|iPhoneSimulator
		Ad-Hoc|x64 = Ad-Hoc|x64
		Ad-Hoc|x86 = Ad-Hoc|x86
		AppStore|Any CPU = AppStore|Any CPU
		AppStore|ARM = AppStore|ARM
		AppStore|iPhone = AppStore|iPhone
		AppStore|iPhoneSimulator = AppStore|iPhoneSimulator
		AppStore|x64 = AppStore|x64
		AppStore|x86 = AppStore|x86
		Debug|Any CPU = Debug|Any CPU
		Debug|ARM = Debug|ARM
		Debug|iPhone = Debug|iPhone
		Debug|iPhoneSimulator = Debug|iPhoneSimulator
		Debug|x64 = Debug|x64
		Debug|x86 = Debug|x86
		Release|Any CPU = Release|Any CPU
		Release|ARM = Release|ARM
		Release|iPhone = Release|iPhone
		Release|iPhoneSimulator = Release|iPhoneSimulator
		Release|x64 = Release|x64
		Release|x86 = Release|x86
	EndGlobalSection
	GlobalSection(ProjectConfigurationPlatforms) = postSolution
		{94728C78-F4EB-46BF-8FC4-84C089227D41}.Ad-Hoc|Any CPU.ActiveCfg = Release|Any CPU
		{94728C78-F4EB-46BF-8FC4-84C089227D41}.Ad-Hoc|Any CPU.Build.0 = Release|Any CPU
		{94728C78-F4EB-46BF-8FC4-84C089227D41}.Ad-Hoc|Any CPU.Deploy.0 = Release|Any CPU
		{94728C78-F4EB-46BF-8FC4-84C089227D41}.Ad-Hoc|ARM.ActiveCfg = Release|Any CPU
		{94728C78-F4EB-46BF-8FC4-84C089227D41}.Ad-Hoc|ARM.Build.0 = Release|Any CPU
		{94728C78-F4EB-46BF-8FC4-84C089227D41}.Ad-Hoc|ARM.Deploy.0 = Release|Any CPU
		{94728C78-F4EB-46BF-8FC4-84C089227D41}.Ad-Hoc|iPhone.ActiveCfg = Release|Any CPU
		{94728C78-F4EB-46BF-8FC4-84C089227D41}.Ad-Hoc|iPhone.Build.0 = Release|Any CPU
		{94728C78-F4EB-46BF-8FC4-84C089227D41}.Ad-Hoc|iPhone.Deploy.0 = Release|Any CPU
		{94728C78-F4EB-46BF-8FC4-84C089227D41}.Ad-Hoc|iPhoneSimulator.ActiveCfg = Release|Any CPU
		{94728C78-F4EB-46BF-8FC4-84C089227D41}.Ad-Hoc|iPhoneSimulator.Build.0 = Release|Any CPU
		{94728C78-F4EB-46BF-8FC4-84C089227D41}.Ad-Hoc|iPhoneSimulator.Deploy.0 = Release|Any CPU
		{94728C78-F4EB-46BF-8FC4-84C089227D41}.Ad-Hoc|x64.ActiveCfg = Release|Any CPU
		{94728C78-F4EB-46BF-8FC4-84C089227D41}.Ad-Hoc|x64.Build.0 = Release|Any CPU
		{94728C78-F4EB-46BF-8FC4-84C089227D41}.Ad-Hoc|x64.Deploy.0 = Release|Any CPU
		{94728C78-F4EB-46BF-8FC4-84C089227D41}.Ad-Hoc|x86.ActiveCfg = Release|Any CPU
		{94728C78-F4EB-46BF-8FC4-84C089227D41}.Ad-Hoc|x86.Build.0 = Release|Any CPU
		{94728C78-F4EB-46BF-8FC4-84C089227D41}.Ad-Hoc|x86.Deploy.0 = Release|Any CPU
		{94728C78-F4EB-46BF-8FC4-84C089227D41}.AppStore|Any CPU.ActiveCfg = Release|Any CPU
		{94728C78-F4EB-46BF-8FC4-84C089227D41}.AppStore|Any CPU.Build.0 = Release|Any CPU
		{94728C78-F4EB-46BF-8FC4-84C089227D41}.AppStore|Any CPU.Deploy.0 = Release|Any CPU
		{94728C78-F4EB-46BF-8FC4-84C089227D41}.AppStore|ARM.ActiveCfg = Release|Any CPU
		{94728C78-F4EB-46BF-8FC4-84C089227D41}.AppStore|ARM.Build.0 = Release|Any CPU
		{94728C78-F4EB-46BF-8FC4-84C089227D41}.AppStore|ARM.Deploy.0 = Release|Any CPU
		{94728C78-F4EB-46BF-8FC4-84C089227D41}.AppStore|iPhone.ActiveCfg = Release|Any CPU
		{94728C78-F4EB-46BF-8FC4-84C089227D41}.AppStore|iPhone.Build.0 = Release|Any CPU
		{94728C78-F4EB-46BF-8FC4-84C089227D41}.AppStore|iPhone.Deploy.0 = Release|Any CPU
		{94728C78-F4EB-46BF-8FC4-84C089227D41}.AppStore|iPhoneSimulator.ActiveCfg = Release|Any CPU
		{94728C78-F4EB-46BF-8FC4-84C089227D41}.AppStore|iPhoneSimulator.Build.0 = Release|Any CPU
		{94728C78-F4EB-46BF-8FC4-84C089227D41}.AppStore|iPhoneSimulator.Deploy.0 = Release|Any CPU
		{94728C78-F4EB-46BF-8FC4-84C089227D41}.AppStore|x64.ActiveCfg = Release|Any CPU
		{94728C78-F4EB-46BF-8FC4-84C089227D41}.AppStore|x64.Build.0 = Release|Any CPU
		{94728C78-F4EB-46BF-8FC4-84C089227D41}.AppStore|x64.Deploy.0 = Release|Any CPU
		{94728C78-F4EB-46BF-8FC4-84C089227D41}.AppStore|x86.ActiveCfg = Release|Any CPU
		{94728C78-F4EB-46BF-8FC4-84C089227D41}.AppStore|x86.Build.0 = Release|Any CPU
		{94728C78-F4EB-46BF-8FC4-84C089227D41}.AppStore|x86.Deploy.0 = Release|Any CPU
		{94728C78-F4EB-46BF-8FC4-84C089227D41}.Debug|Any CPU.ActiveCfg = Debug|Any CPU
		{94728C78-F4EB-46BF-8FC4-84C089227D41}.Debug|Any CPU.Build.0 = Debug|Any CPU
		{94728C78-F4EB-46BF-8FC4-84C089227D41}.Debug|Any CPU.Deploy.0 = Debug|Any CPU
		{94728C78-F4EB-46BF-8FC4-84C089227D41}.Debug|ARM.ActiveCfg = Debug|Any CPU
		{94728C78-F4EB-46BF-8FC4-84C089227D41}.Debug|ARM.Build.0 = Debug|Any CPU
		{94728C78-F4EB-46BF-8FC4-84C089227D41}.Debug|ARM.Deploy.0 = Debug|Any CPU
		{94728C78-F4EB-46BF-8FC4-84C089227D41}.Debug|iPhone.ActiveCfg = Debug|Any CPU
		{94728C78-F4EB-46BF-8FC4-84C089227D41}.Debug|iPhone.Build.0 = Debug|Any CPU
		{94728C78-F4EB-46BF-8FC4-84C089227D41}.Debug|iPhone.Deploy.0 = Debug|Any CPU
		{94728C78-F4EB-46BF-8FC4-84C089227D41}.Debug|iPhoneSimulator.ActiveCfg = Debug|Any CPU
		{94728C78-F4EB-46BF-8FC4-84C089227D41}.Debug|iPhoneSimulator.Build.0 = Debug|Any CPU
		{94728C78-F4EB-46BF-8FC4-84C089227D41}.Debug|iPhoneSimulator.Deploy.0 = Debug|Any CPU
		{94728C78-F4EB-46BF-8FC4-84C089227D41}.Debug|x64.ActiveCfg = Debug|Any CPU
		{94728C78-F4EB-46BF-8FC4-84C089227D41}.Debug|x64.Build.0 = Debug|Any CPU
		{94728C78-F4EB-46BF-8FC4-84C089227D41}.Debug|x64.Deploy.0 = Debug|Any CPU
		{94728C78-F4EB-46BF-8FC4-84C089227D41}.Debug|x86.ActiveCfg = Debug|Any CPU
		{94728C78-F4EB-46BF-8FC4-84C089227D41}.Debug|x86.Build.0 = Debug|Any CPU
		{94728C78-F4EB-46BF-8FC4-84C089227D41}.Debug|x86.Deploy.0 = Debug|Any CPU
		{94728C78-F4EB-46BF-8FC4-84C089227D41}.Release|Any CPU.ActiveCfg = Release|Any CPU
		{94728C78-F4EB-46BF-8FC4-84C089227D41}.Release|Any CPU.Build.0 = Release|Any CPU
		{94728C78-F4EB-46BF-8FC4-84C089227D41}.Release|Any CPU.Deploy.0 = Release|Any CPU
		{94728C78-F4EB-46BF-8FC4-84C089227D41}.Release|ARM.ActiveCfg = Release|Any CPU
		{94728C78-F4EB-46BF-8FC4-84C089227D41}.Release|ARM.Build.0 = Release|Any CPU
		{94728C78-F4EB-46BF-8FC4-84C089227D41}.Release|ARM.Deploy.0 = Release|Any CPU
		{94728C78-F4EB-46BF-8FC4-84C089227D41}.Release|iPhone.ActiveCfg = Release|Any CPU
		{94728C78-F4EB-46BF-8FC4-84C089227D41}.Release|iPhone.Build.0 = Release|Any CPU
		{94728C78-F4EB-46BF-8FC4-84C089227D41}.Release|iPhone.Deploy.0 = Release|Any CPU
		{94728C78-F4EB-46BF-8FC4-84C089227D41}.Release|iPhoneSimulator.ActiveCfg = Release|Any CPU
		{94728C78-F4EB-46BF-8FC4-84C089227D41}.Release|iPhoneSimulator.Build.0 = Release|Any CPU
		{94728C78-F4EB-46BF-8FC4-84C089227D41}.Release|iPhoneSimulator.Deploy.0 = Release|Any CPU
		{94728C78-F4EB-46BF-8FC4-84C089227D41}.Release|x64.ActiveCfg = Release|Any CPU
		{94728C78-F4EB-46BF-8FC4-84C089227D41}.Release|x64.Build.0 = Release|Any CPU
		{94728C78-F4EB-46BF-8FC4-84C089227D41}.Release|x64.Deploy.0 = Release|Any CPU
		{94728C78-F4EB-46BF-8FC4-84C089227D41}.Release|x86.ActiveCfg = Release|Any CPU
		{94728C78-F4EB-46BF-8FC4-84C089227D41}.Release|x86.Build.0 = Release|Any CPU
		{94728C78-F4EB-46BF-8FC4-84C089227D41}.Release|x86.Deploy.0 = Release|Any CPU
		{F54C9A4F-21AB-4496-9210-A0E56440FBEE}.Ad-Hoc|Any CPU.ActiveCfg = Ad-Hoc|iPhone
		{F54C9A4F-21AB-4496-9210-A0E56440FBEE}.Ad-Hoc|Any CPU.Build.0 = Ad-Hoc|iPhone
		{F54C9A4F-21AB-4496-9210-A0E56440FBEE}.Ad-Hoc|Any CPU.Deploy.0 = Ad-Hoc|iPhone
		{F54C9A4F-21AB-4496-9210-A0E56440FBEE}.Ad-Hoc|ARM.ActiveCfg = Ad-Hoc|iPhone
		{F54C9A4F-21AB-4496-9210-A0E56440FBEE}.Ad-Hoc|ARM.Build.0 = Ad-Hoc|iPhone
		{F54C9A4F-21AB-4496-9210-A0E56440FBEE}.Ad-Hoc|ARM.Deploy.0 = Ad-Hoc|iPhone
		{F54C9A4F-21AB-4496-9210-A0E56440FBEE}.Ad-Hoc|iPhone.ActiveCfg = Ad-Hoc|iPhone
		{F54C9A4F-21AB-4496-9210-A0E56440FBEE}.Ad-Hoc|iPhone.Build.0 = Ad-Hoc|iPhone
		{F54C9A4F-21AB-4496-9210-A0E56440FBEE}.Ad-Hoc|iPhone.Deploy.0 = Ad-Hoc|iPhone
		{F54C9A4F-21AB-4496-9210-A0E56440FBEE}.Ad-Hoc|iPhoneSimulator.ActiveCfg = Ad-Hoc|iPhoneSimulator
		{F54C9A4F-21AB-4496-9210-A0E56440FBEE}.Ad-Hoc|iPhoneSimulator.Build.0 = Ad-Hoc|iPhoneSimulator
		{F54C9A4F-21AB-4496-9210-A0E56440FBEE}.Ad-Hoc|iPhoneSimulator.Deploy.0 = Ad-Hoc|iPhoneSimulator
		{F54C9A4F-21AB-4496-9210-A0E56440FBEE}.Ad-Hoc|x64.ActiveCfg = Ad-Hoc|iPhone
		{F54C9A4F-21AB-4496-9210-A0E56440FBEE}.Ad-Hoc|x64.Build.0 = Ad-Hoc|iPhone
		{F54C9A4F-21AB-4496-9210-A0E56440FBEE}.Ad-Hoc|x64.Deploy.0 = Ad-Hoc|iPhone
		{F54C9A4F-21AB-4496-9210-A0E56440FBEE}.Ad-Hoc|x86.ActiveCfg = Ad-Hoc|iPhone
		{F54C9A4F-21AB-4496-9210-A0E56440FBEE}.Ad-Hoc|x86.Build.0 = Ad-Hoc|iPhone
		{F54C9A4F-21AB-4496-9210-A0E56440FBEE}.Ad-Hoc|x86.Deploy.0 = Ad-Hoc|iPhone
		{F54C9A4F-21AB-4496-9210-A0E56440FBEE}.AppStore|Any CPU.ActiveCfg = AppStore|iPhone
		{F54C9A4F-21AB-4496-9210-A0E56440FBEE}.AppStore|Any CPU.Build.0 = AppStore|iPhone
		{F54C9A4F-21AB-4496-9210-A0E56440FBEE}.AppStore|Any CPU.Deploy.0 = AppStore|iPhone
		{F54C9A4F-21AB-4496-9210-A0E56440FBEE}.AppStore|ARM.ActiveCfg = AppStore|iPhone
		{F54C9A4F-21AB-4496-9210-A0E56440FBEE}.AppStore|ARM.Build.0 = AppStore|iPhone
		{F54C9A4F-21AB-4496-9210-A0E56440FBEE}.AppStore|ARM.Deploy.0 = AppStore|iPhone
		{F54C9A4F-21AB-4496-9210-A0E56440FBEE}.AppStore|iPhone.ActiveCfg = AppStore|iPhone
		{F54C9A4F-21AB-4496-9210-A0E56440FBEE}.AppStore|iPhone.Build.0 = AppStore|iPhone
		{F54C9A4F-21AB-4496-9210-A0E56440FBEE}.AppStore|iPhone.Deploy.0 = AppStore|iPhone
		{F54C9A4F-21AB-4496-9210-A0E56440FBEE}.AppStore|iPhoneSimulator.ActiveCfg = AppStore|iPhoneSimulator
		{F54C9A4F-21AB-4496-9210-A0E56440FBEE}.AppStore|iPhoneSimulator.Build.0 = AppStore|iPhoneSimulator
		{F54C9A4F-21AB-4496-9210-A0E56440FBEE}.AppStore|iPhoneSimulator.Deploy.0 = AppStore|iPhoneSimulator
		{F54C9A4F-21AB-4496-9210-A0E56440FBEE}.AppStore|x64.ActiveCfg = AppStore|iPhone
		{F54C9A4F-21AB-4496-9210-A0E56440FBEE}.AppStore|x64.Build.0 = AppStore|iPhone
		{F54C9A4F-21AB-4496-9210-A0E56440FBEE}.AppStore|x64.Deploy.0 = AppStore|iPhone
		{F54C9A4F-21AB-4496-9210-A0E56440FBEE}.AppStore|x86.ActiveCfg = AppStore|iPhone
		{F54C9A4F-21AB-4496-9210-A0E56440FBEE}.AppStore|x86.Build.0 = AppStore|iPhone
		{F54C9A4F-21AB-4496-9210-A0E56440FBEE}.AppStore|x86.Deploy.0 = AppStore|iPhone
		{F54C9A4F-21AB-4496-9210-A0E56440FBEE}.Debug|Any CPU.ActiveCfg = Debug|iPhoneSimulator
		{F54C9A4F-21AB-4496-9210-A0E56440FBEE}.Debug|Any CPU.Build.0 = Debug|iPhoneSimulator
		{F54C9A4F-21AB-4496-9210-A0E56440FBEE}.Debug|Any CPU.Deploy.0 = Debug|iPhoneSimulator
		{F54C9A4F-21AB-4496-9210-A0E56440FBEE}.Debug|ARM.ActiveCfg = Debug|iPhone
		{F54C9A4F-21AB-4496-9210-A0E56440FBEE}.Debug|ARM.Build.0 = Debug|iPhone
		{F54C9A4F-21AB-4496-9210-A0E56440FBEE}.Debug|ARM.Deploy.0 = Debug|iPhone
		{F54C9A4F-21AB-4496-9210-A0E56440FBEE}.Debug|iPhone.ActiveCfg = Debug|iPhone
		{F54C9A4F-21AB-4496-9210-A0E56440FBEE}.Debug|iPhone.Build.0 = Debug|iPhone
		{F54C9A4F-21AB-4496-9210-A0E56440FBEE}.Debug|iPhone.Deploy.0 = Debug|iPhone
		{F54C9A4F-21AB-4496-9210-A0E56440FBEE}.Debug|iPhoneSimulator.ActiveCfg = Debug|iPhoneSimulator
		{F54C9A4F-21AB-4496-9210-A0E56440FBEE}.Debug|iPhoneSimulator.Build.0 = Debug|iPhoneSimulator
		{F54C9A4F-21AB-4496-9210-A0E56440FBEE}.Debug|iPhoneSimulator.Deploy.0 = Debug|iPhoneSimulator
		{F54C9A4F-21AB-4496-9210-A0E56440FBEE}.Debug|x64.ActiveCfg = Debug|iPhone
		{F54C9A4F-21AB-4496-9210-A0E56440FBEE}.Debug|x64.Build.0 = Debug|iPhone
		{F54C9A4F-21AB-4496-9210-A0E56440FBEE}.Debug|x64.Deploy.0 = Debug|iPhone
		{F54C9A4F-21AB-4496-9210-A0E56440FBEE}.Debug|x86.ActiveCfg = Debug|iPhone
		{F54C9A4F-21AB-4496-9210-A0E56440FBEE}.Debug|x86.Build.0 = Debug|iPhone
		{F54C9A4F-21AB-4496-9210-A0E56440FBEE}.Debug|x86.Deploy.0 = Debug|iPhone
		{F54C9A4F-21AB-4496-9210-A0E56440FBEE}.Release|Any CPU.ActiveCfg = Release|iPhone
		{F54C9A4F-21AB-4496-9210-A0E56440FBEE}.Release|Any CPU.Build.0 = Release|iPhone
		{F54C9A4F-21AB-4496-9210-A0E56440FBEE}.Release|Any CPU.Deploy.0 = Release|iPhone
		{F54C9A4F-21AB-4496-9210-A0E56440FBEE}.Release|ARM.ActiveCfg = Release|iPhone
		{F54C9A4F-21AB-4496-9210-A0E56440FBEE}.Release|ARM.Build.0 = Release|iPhone
		{F54C9A4F-21AB-4496-9210-A0E56440FBEE}.Release|ARM.Deploy.0 = Release|iPhone
		{F54C9A4F-21AB-4496-9210-A0E56440FBEE}.Release|iPhone.ActiveCfg = Release|iPhone
		{F54C9A4F-21AB-4496-9210-A0E56440FBEE}.Release|iPhone.Build.0 = Release|iPhone
		{F54C9A4F-21AB-4496-9210-A0E56440FBEE}.Release|iPhone.Deploy.0 = Release|iPhone
		{F54C9A4F-21AB-4496-9210-A0E56440FBEE}.Release|iPhoneSimulator.ActiveCfg = Release|iPhoneSimulator
		{F54C9A4F-21AB-4496-9210-A0E56440FBEE}.Release|iPhoneSimulator.Build.0 = Release|iPhoneSimulator
		{F54C9A4F-21AB-4496-9210-A0E56440FBEE}.Release|iPhoneSimulator.Deploy.0 = Release|iPhoneSimulator
		{F54C9A4F-21AB-4496-9210-A0E56440FBEE}.Release|x64.ActiveCfg = Release|iPhone
		{F54C9A4F-21AB-4496-9210-A0E56440FBEE}.Release|x64.Build.0 = Release|iPhone
		{F54C9A4F-21AB-4496-9210-A0E56440FBEE}.Release|x64.Deploy.0 = Release|iPhone
		{F54C9A4F-21AB-4496-9210-A0E56440FBEE}.Release|x86.ActiveCfg = Release|iPhone
		{F54C9A4F-21AB-4496-9210-A0E56440FBEE}.Release|x86.Build.0 = Release|iPhone
		{F54C9A4F-21AB-4496-9210-A0E56440FBEE}.Release|x86.Deploy.0 = Release|iPhone
		{C8AA2F77-FBF3-4746-9202-4931C8B616F1}.Ad-Hoc|Any CPU.ActiveCfg = Release|x86
		{C8AA2F77-FBF3-4746-9202-4931C8B616F1}.Ad-Hoc|Any CPU.Build.0 = Release|x86
		{C8AA2F77-FBF3-4746-9202-4931C8B616F1}.Ad-Hoc|Any CPU.Deploy.0 = Release|x86
		{C8AA2F77-FBF3-4746-9202-4931C8B616F1}.Ad-Hoc|ARM.ActiveCfg = Release|ARM
		{C8AA2F77-FBF3-4746-9202-4931C8B616F1}.Ad-Hoc|ARM.Build.0 = Release|ARM
		{C8AA2F77-FBF3-4746-9202-4931C8B616F1}.Ad-Hoc|ARM.Deploy.0 = Release|ARM
		{C8AA2F77-FBF3-4746-9202-4931C8B616F1}.Ad-Hoc|iPhone.ActiveCfg = Release|x86
		{C8AA2F77-FBF3-4746-9202-4931C8B616F1}.Ad-Hoc|iPhone.Build.0 = Release|x86
		{C8AA2F77-FBF3-4746-9202-4931C8B616F1}.Ad-Hoc|iPhone.Deploy.0 = Release|x86
		{C8AA2F77-FBF3-4746-9202-4931C8B616F1}.Ad-Hoc|iPhoneSimulator.ActiveCfg = Release|x86
		{C8AA2F77-FBF3-4746-9202-4931C8B616F1}.Ad-Hoc|iPhoneSimulator.Build.0 = Release|x86
		{C8AA2F77-FBF3-4746-9202-4931C8B616F1}.Ad-Hoc|iPhoneSimulator.Deploy.0 = Release|x86
		{C8AA2F77-FBF3-4746-9202-4931C8B616F1}.Ad-Hoc|x64.ActiveCfg = Release|x64
		{C8AA2F77-FBF3-4746-9202-4931C8B616F1}.Ad-Hoc|x64.Build.0 = Release|x64
		{C8AA2F77-FBF3-4746-9202-4931C8B616F1}.Ad-Hoc|x64.Deploy.0 = Release|x64
		{C8AA2F77-FBF3-4746-9202-4931C8B616F1}.Ad-Hoc|x86.ActiveCfg = Release|x86
		{C8AA2F77-FBF3-4746-9202-4931C8B616F1}.Ad-Hoc|x86.Build.0 = Release|x86
		{C8AA2F77-FBF3-4746-9202-4931C8B616F1}.Ad-Hoc|x86.Deploy.0 = Release|x86
		{C8AA2F77-FBF3-4746-9202-4931C8B616F1}.AppStore|Any CPU.ActiveCfg = Release|x86
		{C8AA2F77-FBF3-4746-9202-4931C8B616F1}.AppStore|Any CPU.Build.0 = Release|x86
		{C8AA2F77-FBF3-4746-9202-4931C8B616F1}.AppStore|Any CPU.Deploy.0 = Release|x86
		{C8AA2F77-FBF3-4746-9202-4931C8B616F1}.AppStore|ARM.ActiveCfg = Release|ARM
		{C8AA2F77-FBF3-4746-9202-4931C8B616F1}.AppStore|ARM.Build.0 = Release|ARM
		{C8AA2F77-FBF3-4746-9202-4931C8B616F1}.AppStore|ARM.Deploy.0 = Release|ARM
		{C8AA2F77-FBF3-4746-9202-4931C8B616F1}.AppStore|iPhone.ActiveCfg = Release|x86
		{C8AA2F77-FBF3-4746-9202-4931C8B616F1}.AppStore|iPhone.Build.0 = Release|x86
		{C8AA2F77-FBF3-4746-9202-4931C8B616F1}.AppStore|iPhone.Deploy.0 = Release|x86
		{C8AA2F77-FBF3-4746-9202-4931C8B616F1}.AppStore|iPhoneSimulator.ActiveCfg = Release|x86
		{C8AA2F77-FBF3-4746-9202-4931C8B616F1}.AppStore|iPhoneSimulator.Build.0 = Release|x86
		{C8AA2F77-FBF3-4746-9202-4931C8B616F1}.AppStore|iPhoneSimulator.Deploy.0 = Release|x86
		{C8AA2F77-FBF3-4746-9202-4931C8B616F1}.AppStore|x64.ActiveCfg = Release|x64
		{C8AA2F77-FBF3-4746-9202-4931C8B616F1}.AppStore|x64.Build.0 = Release|x64
		{C8AA2F77-FBF3-4746-9202-4931C8B616F1}.AppStore|x64.Deploy.0 = Release|x64
		{C8AA2F77-FBF3-4746-9202-4931C8B616F1}.AppStore|x86.ActiveCfg = Release|x86
		{C8AA2F77-FBF3-4746-9202-4931C8B616F1}.AppStore|x86.Build.0 = Release|x86
		{C8AA2F77-FBF3-4746-9202-4931C8B616F1}.AppStore|x86.Deploy.0 = Release|x86
		{C8AA2F77-FBF3-4746-9202-4931C8B616F1}.Debug|Any CPU.ActiveCfg = Debug|x86
		{C8AA2F77-FBF3-4746-9202-4931C8B616F1}.Debug|Any CPU.Build.0 = Debug|x86
		{C8AA2F77-FBF3-4746-9202-4931C8B616F1}.Debug|Any CPU.Deploy.0 = Debug|x86
		{C8AA2F77-FBF3-4746-9202-4931C8B616F1}.Debug|ARM.ActiveCfg = Debug|ARM
		{C8AA2F77-FBF3-4746-9202-4931C8B616F1}.Debug|ARM.Build.0 = Debug|ARM
		{C8AA2F77-FBF3-4746-9202-4931C8B616F1}.Debug|ARM.Deploy.0 = Debug|ARM
		{C8AA2F77-FBF3-4746-9202-4931C8B616F1}.Debug|iPhone.ActiveCfg = Debug|x86
		{C8AA2F77-FBF3-4746-9202-4931C8B616F1}.Debug|iPhone.Build.0 = Debug|x86
		{C8AA2F77-FBF3-4746-9202-4931C8B616F1}.Debug|iPhone.Deploy.0 = Debug|x86
		{C8AA2F77-FBF3-4746-9202-4931C8B616F1}.Debug|iPhoneSimulator.ActiveCfg = Debug|x86
		{C8AA2F77-FBF3-4746-9202-4931C8B616F1}.Debug|iPhoneSimulator.Build.0 = Debug|x86
		{C8AA2F77-FBF3-4746-9202-4931C8B616F1}.Debug|iPhoneSimulator.Deploy.0 = Debug|x86
		{C8AA2F77-FBF3-4746-9202-4931C8B616F1}.Debug|x64.ActiveCfg = Debug|x64
		{C8AA2F77-FBF3-4746-9202-4931C8B616F1}.Debug|x64.Build.0 = Debug|x64
		{C8AA2F77-FBF3-4746-9202-4931C8B616F1}.Debug|x64.Deploy.0 = Debug|x64
		{C8AA2F77-FBF3-4746-9202-4931C8B616F1}.Debug|x86.ActiveCfg = Debug|x86
		{C8AA2F77-FBF3-4746-9202-4931C8B616F1}.Debug|x86.Build.0 = Debug|x86
		{C8AA2F77-FBF3-4746-9202-4931C8B616F1}.Debug|x86.Deploy.0 = Debug|x86
		{C8AA2F77-FBF3-4746-9202-4931C8B616F1}.Release|Any CPU.ActiveCfg = Release|x86
		{C8AA2F77-FBF3-4746-9202-4931C8B616F1}.Release|Any CPU.Build.0 = Release|x86
		{C8AA2F77-FBF3-4746-9202-4931C8B616F1}.Release|Any CPU.Deploy.0 = Release|x86
		{C8AA2F77-FBF3-4746-9202-4931C8B616F1}.Release|ARM.ActiveCfg = Release|ARM
		{C8AA2F77-FBF3-4746-9202-4931C8B616F1}.Release|ARM.Build.0 = Release|ARM
		{C8AA2F77-FBF3-4746-9202-4931C8B616F1}.Release|ARM.Deploy.0 = Release|ARM
		{C8AA2F77-FBF3-4746-9202-4931C8B616F1}.Release|iPhone.ActiveCfg = Release|x86
		{C8AA2F77-FBF3-4746-9202-4931C8B616F1}.Release|iPhone.Build.0 = Release|x86
		{C8AA2F77-FBF3-4746-9202-4931C8B616F1}.Release|iPhone.Deploy.0 = Release|x86
		{C8AA2F77-FBF3-4746-9202-4931C8B616F1}.Release|iPhoneSimulator.ActiveCfg = Release|x86
		{C8AA2F77-FBF3-4746-9202-4931C8B616F1}.Release|iPhoneSimulator.Build.0 = Release|x86
		{C8AA2F77-FBF3-4746-9202-4931C8B616F1}.Release|iPhoneSimulator.Deploy.0 = Release|x86
		{C8AA2F77-FBF3-4746-9202-4931C8B616F1}.Release|x64.ActiveCfg = Release|x64
		{C8AA2F77-FBF3-4746-9202-4931C8B616F1}.Release|x64.Build.0 = Release|x64
		{C8AA2F77-FBF3-4746-9202-4931C8B616F1}.Release|x64.Deploy.0 = Release|x64
		{C8AA2F77-FBF3-4746-9202-4931C8B616F1}.Release|x86.ActiveCfg = Release|x86
		{C8AA2F77-FBF3-4746-9202-4931C8B616F1}.Release|x86.Build.0 = Release|x86
		{C8AA2F77-FBF3-4746-9202-4931C8B616F1}.Release|x86.Deploy.0 = Release|x86
		{5974AC1F-40B0-4D03-BC5D-EEFB680BCB62}.Ad-Hoc|Any CPU.ActiveCfg = Debug|Any CPU
		{5974AC1F-40B0-4D03-BC5D-EEFB680BCB62}.Ad-Hoc|Any CPU.Build.0 = Debug|Any CPU
		{5974AC1F-40B0-4D03-BC5D-EEFB680BCB62}.Ad-Hoc|Any CPU.Deploy.0 = Debug|Any CPU
		{5974AC1F-40B0-4D03-BC5D-EEFB680BCB62}.Ad-Hoc|ARM.ActiveCfg = Debug|Any CPU
		{5974AC1F-40B0-4D03-BC5D-EEFB680BCB62}.Ad-Hoc|ARM.Build.0 = Debug|Any CPU
		{5974AC1F-40B0-4D03-BC5D-EEFB680BCB62}.Ad-Hoc|ARM.Deploy.0 = Debug|Any CPU
		{5974AC1F-40B0-4D03-BC5D-EEFB680BCB62}.Ad-Hoc|iPhone.ActiveCfg = Debug|Any CPU
		{5974AC1F-40B0-4D03-BC5D-EEFB680BCB62}.Ad-Hoc|iPhone.Build.0 = Debug|Any CPU
		{5974AC1F-40B0-4D03-BC5D-EEFB680BCB62}.Ad-Hoc|iPhone.Deploy.0 = Debug|Any CPU
		{5974AC1F-40B0-4D03-BC5D-EEFB680BCB62}.Ad-Hoc|iPhoneSimulator.ActiveCfg = Debug|Any CPU
		{5974AC1F-40B0-4D03-BC5D-EEFB680BCB62}.Ad-Hoc|iPhoneSimulator.Build.0 = Debug|Any CPU
		{5974AC1F-40B0-4D03-BC5D-EEFB680BCB62}.Ad-Hoc|iPhoneSimulator.Deploy.0 = Debug|Any CPU
		{5974AC1F-40B0-4D03-BC5D-EEFB680BCB62}.Ad-Hoc|x64.ActiveCfg = Debug|Any CPU
		{5974AC1F-40B0-4D03-BC5D-EEFB680BCB62}.Ad-Hoc|x64.Build.0 = Debug|Any CPU
		{5974AC1F-40B0-4D03-BC5D-EEFB680BCB62}.Ad-Hoc|x64.Deploy.0 = Debug|Any CPU
		{5974AC1F-40B0-4D03-BC5D-EEFB680BCB62}.Ad-Hoc|x86.ActiveCfg = Debug|Any CPU
		{5974AC1F-40B0-4D03-BC5D-EEFB680BCB62}.Ad-Hoc|x86.Build.0 = Debug|Any CPU
		{5974AC1F-40B0-4D03-BC5D-EEFB680BCB62}.Ad-Hoc|x86.Deploy.0 = Debug|Any CPU
		{5974AC1F-40B0-4D03-BC5D-EEFB680BCB62}.AppStore|Any CPU.ActiveCfg = Debug|Any CPU
		{5974AC1F-40B0-4D03-BC5D-EEFB680BCB62}.AppStore|Any CPU.Build.0 = Debug|Any CPU
		{5974AC1F-40B0-4D03-BC5D-EEFB680BCB62}.AppStore|Any CPU.Deploy.0 = Debug|Any CPU
		{5974AC1F-40B0-4D03-BC5D-EEFB680BCB62}.AppStore|ARM.ActiveCfg = Debug|Any CPU
		{5974AC1F-40B0-4D03-BC5D-EEFB680BCB62}.AppStore|ARM.Build.0 = Debug|Any CPU
		{5974AC1F-40B0-4D03-BC5D-EEFB680BCB62}.AppStore|ARM.Deploy.0 = Debug|Any CPU
		{5974AC1F-40B0-4D03-BC5D-EEFB680BCB62}.AppStore|iPhone.ActiveCfg = Debug|Any CPU
		{5974AC1F-40B0-4D03-BC5D-EEFB680BCB62}.AppStore|iPhone.Build.0 = Debug|Any CPU
		{5974AC1F-40B0-4D03-BC5D-EEFB680BCB62}.AppStore|iPhone.Deploy.0 = Debug|Any CPU
		{5974AC1F-40B0-4D03-BC5D-EEFB680BCB62}.AppStore|iPhoneSimulator.ActiveCfg = Debug|Any CPU
		{5974AC1F-40B0-4D03-BC5D-EEFB680BCB62}.AppStore|iPhoneSimulator.Build.0 = Debug|Any CPU
		{5974AC1F-40B0-4D03-BC5D-EEFB680BCB62}.AppStore|iPhoneSimulator.Deploy.0 = Debug|Any CPU
		{5974AC1F-40B0-4D03-BC5D-EEFB680BCB62}.AppStore|x64.ActiveCfg = Debug|Any CPU
		{5974AC1F-40B0-4D03-BC5D-EEFB680BCB62}.AppStore|x64.Build.0 = Debug|Any CPU
		{5974AC1F-40B0-4D03-BC5D-EEFB680BCB62}.AppStore|x64.Deploy.0 = Debug|Any CPU
		{5974AC1F-40B0-4D03-BC5D-EEFB680BCB62}.AppStore|x86.ActiveCfg = Debug|Any CPU
		{5974AC1F-40B0-4D03-BC5D-EEFB680BCB62}.AppStore|x86.Build.0 = Debug|Any CPU
		{5974AC1F-40B0-4D03-BC5D-EEFB680BCB62}.AppStore|x86.Deploy.0 = Debug|Any CPU
		{5974AC1F-40B0-4D03-BC5D-EEFB680BCB62}.Debug|Any CPU.ActiveCfg = Debug|Any CPU
		{5974AC1F-40B0-4D03-BC5D-EEFB680BCB62}.Debug|Any CPU.Build.0 = Debug|Any CPU
		{5974AC1F-40B0-4D03-BC5D-EEFB680BCB62}.Debug|Any CPU.Deploy.0 = Debug|Any CPU
		{5974AC1F-40B0-4D03-BC5D-EEFB680BCB62}.Debug|ARM.ActiveCfg = Debug|Any CPU
		{5974AC1F-40B0-4D03-BC5D-EEFB680BCB62}.Debug|ARM.Build.0 = Debug|Any CPU
		{5974AC1F-40B0-4D03-BC5D-EEFB680BCB62}.Debug|ARM.Deploy.0 = Debug|Any CPU
		{5974AC1F-40B0-4D03-BC5D-EEFB680BCB62}.Debug|iPhone.ActiveCfg = Debug|Any CPU
		{5974AC1F-40B0-4D03-BC5D-EEFB680BCB62}.Debug|iPhone.Build.0 = Debug|Any CPU
		{5974AC1F-40B0-4D03-BC5D-EEFB680BCB62}.Debug|iPhone.Deploy.0 = Debug|Any CPU
		{5974AC1F-40B0-4D03-BC5D-EEFB680BCB62}.Debug|iPhoneSimulator.ActiveCfg = Debug|Any CPU
		{5974AC1F-40B0-4D03-BC5D-EEFB680BCB62}.Debug|iPhoneSimulator.Build.0 = Debug|Any CPU
		{5974AC1F-40B0-4D03-BC5D-EEFB680BCB62}.Debug|iPhoneSimulator.Deploy.0 = Debug|Any CPU
		{5974AC1F-40B0-4D03-BC5D-EEFB680BCB62}.Debug|x64.ActiveCfg = Debug|Any CPU
		{5974AC1F-40B0-4D03-BC5D-EEFB680BCB62}.Debug|x64.Build.0 = Debug|Any CPU
		{5974AC1F-40B0-4D03-BC5D-EEFB680BCB62}.Debug|x64.Deploy.0 = Debug|Any CPU
		{5974AC1F-40B0-4D03-BC5D-EEFB680BCB62}.Debug|x86.ActiveCfg = Debug|Any CPU
		{5974AC1F-40B0-4D03-BC5D-EEFB680BCB62}.Debug|x86.Build.0 = Debug|Any CPU
		{5974AC1F-40B0-4D03-BC5D-EEFB680BCB62}.Debug|x86.Deploy.0 = Debug|Any CPU
		{5974AC1F-40B0-4D03-BC5D-EEFB680BCB62}.Release|Any CPU.ActiveCfg = Release|Any CPU
		{5974AC1F-40B0-4D03-BC5D-EEFB680BCB62}.Release|Any CPU.Build.0 = Release|Any CPU
		{5974AC1F-40B0-4D03-BC5D-EEFB680BCB62}.Release|Any CPU.Deploy.0 = Release|Any CPU
		{5974AC1F-40B0-4D03-BC5D-EEFB680BCB62}.Release|ARM.ActiveCfg = Release|Any CPU
		{5974AC1F-40B0-4D03-BC5D-EEFB680BCB62}.Release|ARM.Build.0 = Release|Any CPU
		{5974AC1F-40B0-4D03-BC5D-EEFB680BCB62}.Release|ARM.Deploy.0 = Release|Any CPU
		{5974AC1F-40B0-4D03-BC5D-EEFB680BCB62}.Release|iPhone.ActiveCfg = Release|Any CPU
		{5974AC1F-40B0-4D03-BC5D-EEFB680BCB62}.Release|iPhone.Build.0 = Release|Any CPU
		{5974AC1F-40B0-4D03-BC5D-EEFB680BCB62}.Release|iPhone.Deploy.0 = Release|Any CPU
		{5974AC1F-40B0-4D03-BC5D-EEFB680BCB62}.Release|iPhoneSimulator.ActiveCfg = Release|Any CPU
		{5974AC1F-40B0-4D03-BC5D-EEFB680BCB62}.Release|iPhoneSimulator.Build.0 = Release|Any CPU
		{5974AC1F-40B0-4D03-BC5D-EEFB680BCB62}.Release|iPhoneSimulator.Deploy.0 = Release|Any CPU
		{5974AC1F-40B0-4D03-BC5D-EEFB680BCB62}.Release|x64.ActiveCfg = Release|Any CPU
		{5974AC1F-40B0-4D03-BC5D-EEFB680BCB62}.Release|x64.Build.0 = Release|Any CPU
		{5974AC1F-40B0-4D03-BC5D-EEFB680BCB62}.Release|x64.Deploy.0 = Release|Any CPU
		{5974AC1F-40B0-4D03-BC5D-EEFB680BCB62}.Release|x86.ActiveCfg = Release|Any CPU
		{5974AC1F-40B0-4D03-BC5D-EEFB680BCB62}.Release|x86.Build.0 = Release|Any CPU
		{5974AC1F-40B0-4D03-BC5D-EEFB680BCB62}.Release|x86.Deploy.0 = Release|Any CPU
	EndGlobalSection
	GlobalSection(SolutionProperties) = preSolution
		HideSolutionNode = FALSE
	EndGlobalSection
	GlobalSection(ExtensibilityGlobals) = postSolution
		SolutionGuid = {54A22699-B45C-4427-9143-DCE62DFF12C9}
	EndGlobalSection
EndGlobal
